
Microsoft Visual Studio Solution File, Format Version 12.00
# Visual Studio Version 16
VisualStudioVersion = 16.0.30907.101
MinimumVisualStudioVersion = 10.0.40219.1
Project("{FAE04EC0-301F-11D3-BF4B-00C04F79EFBC}") = "ESOTest", "ESOTest\ESOTest.csproj", "{C6BA993A-F076-4851-BA15-DF628D12197E}"
EndProject
Global
	GlobalSection(SolutionConfigurationPlatforms) = preSolution
		Debug|Any CPU = Debug|Any CPU
		Release|Any CPU = Release|Any CPU
	EndGlobalSection
	GlobalSection(ProjectConfigurationPlatforms) = postSolution
		{C6BA993A-F076-4851-BA15-DF628D12197E}.Debug|Any CPU.ActiveCfg = Debug|Any CPU
		{C6BA993A-F076-4851-BA15-DF628D12197E}.Debug|Any CPU.Build.0 = Debug|Any CPU
		{C6BA993A-F076-4851-BA15-DF628D12197E}.Release|Any CPU.ActiveCfg = Release|Any CPU
		{C6BA993A-F076-4851-BA15-DF628D12197E}.Release|Any CPU.Build.0 = Release|Any CPU
	EndGlobalSection
	GlobalSection(SolutionProperties) = preSolution
		HideSolutionNode = FALSE
	EndGlobalSection
	GlobalSection(ExtensibilityGlobals) = postSolution
		SolutionGuid = {900DB268-B218-4D37-ACDD-E220DD2E5C36}
	EndGlobalSection
EndGlobal
